
Microsoft Visual Studio Solution File, Format Version 12.00
# Visual Studio Version 17
VisualStudioVersion = 17.4.33122.133
MinimumVisualStudioVersion = 10.0.40219.1
Project("{FAE04EC0-301F-11D3-BF4B-00C04F79EFBC}") = "Week14OOP", "Week14OOP\Week14OOP.csproj", "{9F73B8C2-7287-45B1-8159-4FA3C25E3BBF}"
EndProject
Global
	GlobalSection(SolutionConfigurationPlatforms) = preSolution
		Debug|Any CPU = Debug|Any CPU
		Release|Any CPU = Release|Any CPU
	EndGlobalSection
	GlobalSection(ProjectConfigurationPlatforms) = postSolution
		{9F73B8C2-7287-45B1-8159-4FA3C25E3BBF}.Debug|Any CPU.ActiveCfg = Debug|Any CPU
		{9F73B8C2-7287-45B1-8159-4FA3C25E3BBF}.Debug|Any CPU.Build.0 = Debug|Any CPU
		{9F73B8C2-7287-45B1-8159-4FA3C25E3BBF}.Release|Any CPU.ActiveCfg = Release|Any CPU
		{9F73B8C2-7287-45B1-8159-4FA3C25E3BBF}.Release|Any CPU.Build.0 = Release|Any CPU
	EndGlobalSection
	GlobalSection(SolutionProperties) = preSolution
		HideSolutionNode = FALSE
	EndGlobalSection
	GlobalSection(ExtensibilityGlobals) = postSolution
		SolutionGuid = {A3E17442-2DE0-4ABF-B772-9005C2FBC85E}
	EndGlobalSection
EndGlobal
